<?xml version="1.0" encoding="utf-8"?>
<Project ToolsVersion="4.0" xmlns="http://schemas.microsoft.com/developer/msbuild/2003">
  <ItemGroup>
    <Filter Include="Source Files">
      <UniqueIdentifier>{4FC737F1-C7A5-4376-A066-2A32D752A2FF}</UniqueIdentifier>
      <Extensions>cpp;c;cc;cxx;def;odl;idl;hpj;bat;asm;asmx</Extensions>
    </Filter>
    <Filter Include="Header Files">
      <UniqueIdentifier>{93995380-89BD-4b04-88EB-625FBE52EBFB}</UniqueIdentifier>
      <Extensions>h;hh;hpp;hxx;hm;inl;inc;ipp;xsd</Extensions>
    </Filter>
    <Filter Include="Resource Files">
      <UniqueIdentifier>{67DA6AB6-F800-4c08-8B7A-83BB121AAD01}</UniqueIdentifier>
      <Extensions>rc;ico;cur;bmp;dlg;rc2;rct;bin;rgs;gif;jpg;jpeg;jpe;resx;tiff;tif;png;wav;mfcribbon-ms</Extensions>
    </Filter>
  </ItemGroup>
  <ItemGroup>
    <ClCompile Include="WinEntryPoint.cpp">
      <Filter>Source Files</Filter>
    </ClCompile>
    <ClCompile Include="Source\Fraples7DevDX3D\Core\Debugging\WindowsMessageMap.cpp">
      <Filter>Source Files</Filter>
    </ClCompile>
    <ClCompile Include="Source\Fraples7DevDX3D\Platform\Windows\Window.cpp">
      <Filter>Source Files</Filter>
    </ClCompile>
    <ClCompile Include="Source\Fraples7DevDX3D\Input Events\KeyboardEvent.cpp">
      <Filter>Source Files</Filter>
    </ClCompile>
    <ClCompile Include="Source\Fraples7DevDX3D\Input Events\MouseEvents.cpp">
      <Filter>Source Files</Filter>
    </ClCompile>
    <ClCompile Include="Source\Fraples7DevDX3D\Core\Debugging\Timer.cpp">
      <Filter>Source Files</Filter>
    </ClCompile>
    <ClCompile Include="Source\Fraples7DevDX3D\Core\Application.cpp">
      <Filter>Source Files</Filter>
    </ClCompile>
    <ClCompile Include="Source\Fraples7DevDX3D\GraphicAPI\Graphic.cpp">
      <Filter>Source Files</Filter>
    </ClCompile>
    <ClCompile Include="Source\Fraples7DevDX3D\Core\Debugging\Exceptions\FraplesException.cpp">
      <Filter>Source Files</Filter>
    </ClCompile>
    <ClCompile Include="Source\Fraples7DevDX3D\Core\Debugging\dxerr.cpp">
      <Filter>Source Files</Filter>
    </ClCompile>
    <ClCompile Include="Source\Fraples7DevDX3D\Core\Debugging\DxgiInfoManager.cpp">
      <Filter>Source Files</Filter>
    </ClCompile>
  </ItemGroup>
  <ItemGroup>
    <ClInclude Include="Source\Fraples7DevDX3D\Core\Debugging\WindowsMessageMap.h">
      <Filter>Header Files</Filter>
    </ClInclude>
    <ClInclude Include="Source\Fraples7DevDX3D\Core\Fraples7.h">
      <Filter>Header Files</Filter>
    </ClInclude>
    <ClInclude Include="Source\Fraples7DevDX3D\Platform\Windows\Window.h">
      <Filter>Header Files</Filter>
    </ClInclude>
    <ClInclude Include="resource.h">
      <Filter>Header Files</Filter>
    </ClInclude>
    <ClInclude Include="Source\Fraples7DevDX3D\Input Events\KeyboardEvent.h">
      <Filter>Header Files</Filter>
    </ClInclude>
    <ClInclude Include="Source\Fraples7DevDX3D\Input Events\MouseEvents.h">
      <Filter>Header Files</Filter>
    </ClInclude>
    <ClInclude Include="Source\Fraples7DevDX3D\Core\Debugging\Timer.h">
      <Filter>Header Files</Filter>
    </ClInclude>
    <ClInclude Include="Source\Fraples7DevDX3D\Core\Application.h">
      <Filter>Header Files</Filter>
    </ClInclude>
    <ClInclude Include="Source\Fraples7DevDX3D\GraphicAPI\Graphic.h">
      <Filter>Header Files</Filter>
    </ClInclude>
    <ClInclude Include="Source\Fraples7DevDX3D\Core\Debugging\Exceptions\FraplesException.h">
      <Filter>Header Files</Filter>
    </ClInclude>
    <ClInclude Include="Source\Fraples7DevDX3D\Core\Debugging\Exceptions\WindowsThrowMacros.h">
      <Filter>Header Files</Filter>
    </ClInclude>
    <ClInclude Include="Source\Fraples7DevDX3D\Core\Debugging\dxerr.h">
      <Filter>Header Files</Filter>
    </ClInclude>
    <ClInclude Include="Source\Fraples7DevDX3D\Core\Debugging\Exceptions\GraphicsThrowMacros.h">
      <Filter>Header Files</Filter>
    </ClInclude>
    <ClInclude Include="Source\Fraples7DevDX3D\Core\Debugging\DxgiInfoManager.h">
      <Filter>Header Files</Filter>
    </ClInclude>
  </ItemGroup>
  <ItemGroup>
    <ResourceCompile Include="Fraples7DevDX3D.rc">
      <Filter>Resource Files</Filter>
    </ResourceCompile>
  </ItemGroup>
  <ItemGroup>
    <None Include="Source\Fraples7DevDX3D\Core\Debugging\DXGetErrorDescription.inl">
      <Filter>Header Files</Filter>
    </None>
    <None Include="Source\Fraples7DevDX3D\Core\Debugging\DXGetErrorString.inl">
      <Filter>Header Files</Filter>
    </None>
    <None Include="Source\Fraples7DevDX3D\Core\Debugging\DXTrace.inl">
      <Filter>Header Files</Filter>
    </None>
  </ItemGroup>
</Project>