<?xml version="1.0" encoding="utf-8"?>
<Project ToolsVersion="4.0" xmlns="http://schemas.microsoft.com/developer/msbuild/2003">
  <ItemGroup>
    <Filter Include="Source Files">
      <UniqueIdentifier>{4FC737F1-C7A5-4376-A066-2A32D752A2FF}</UniqueIdentifier>
      <Extensions>cpp;c;cc;cxx;def;odl;idl;hpj;bat;asm;asmx</Extensions>
    </Filter>
    <Filter Include="Header Files">
      <UniqueIdentifier>{93995380-89BD-4b04-88EB-625FBE52EBFB}</UniqueIdentifier>
      <Extensions>h;hh;hpp;hxx;hm;inl;inc;ipp;xsd</Extensions>
    </Filter>
    <Filter Include="Resource Files">
      <UniqueIdentifier>{67DA6AB6-F800-4c08-8B7A-83BB121AAD01}</UniqueIdentifier>
      <Extensions>rc;ico;cur;bmp;dlg;rc2;rct;bin;rgs;gif;jpg;jpeg;jpe;resx;tiff;tif;png;wav;mfcribbon-ms</Extensions>
    </Filter>
  </ItemGroup>
  <ItemGroup>
    <ClCompile Include="WinEntryPoint.cpp">
      <Filter>Source Files</Filter>
    </ClCompile>
    <ClCompile Include="Source\Fraples7DevDX3D\Platform\Windows\Window.cpp">
      <Filter>Source Files</Filter>
    </ClCompile>
    <ClCompile Include="Source\Fraples7DevDX3D\Input Events\KeyboardEvent.cpp">
      <Filter>Source Files</Filter>
    </ClCompile>
    <ClCompile Include="Source\Fraples7DevDX3D\Input Events\MouseEvents.cpp">
      <Filter>Source Files</Filter>
    </ClCompile>
    <ClCompile Include="Source\Fraples7DevDX3D\Core\Application.cpp">
      <Filter>Source Files</Filter>
    </ClCompile>
    <ClCompile Include="Source\Fraples7DevDX3D\RendererAPI\Renderer.cpp">
      <Filter>Source Files</Filter>
    </ClCompile>
    <ClCompile Include="Source\Fraples7DevDX3D\RendererAPI\InputLayout.cpp">
      <Filter>Source Files</Filter>
    </ClCompile>
    <ClCompile Include="Source\Fraples7DevDX3D\RendererAPI\Topology.cpp">
      <Filter>Source Files</Filter>
    </ClCompile>
    <ClCompile Include="Source\Fraples7DevDX3D\RendererAPI\IndexBuffer.cpp">
      <Filter>Source Files</Filter>
    </ClCompile>
    <ClCompile Include="Source\Fraples7DevDX3D\RendererAPI\VertexBuffer.cpp">
      <Filter>Source Files</Filter>
    </ClCompile>
    <ClCompile Include="Source\Fraples7DevDX3D\RendererAPI\PixelShader.cpp">
      <Filter>Source Files</Filter>
    </ClCompile>
    <ClCompile Include="Source\Fraples7DevDX3D\RendererAPI\VertexShader.cpp">
      <Filter>Source Files</Filter>
    </ClCompile>
    <ClCompile Include="Source\Fraples7DevDX3D\Core\Surface.cpp">
      <Filter>Source Files</Filter>
    </ClCompile>
    <ClCompile Include="Source\Fraples7DevDX3D\Core\Texture\Texture.cpp">
      <Filter>Source Files</Filter>
    </ClCompile>
    <ClCompile Include="Source\Fraples7DevDX3D\Core\Sampler.cpp">
      <Filter>Source Files</Filter>
    </ClCompile>
    <ClCompile Include="ImGui\imgui.cpp">
      <Filter>Source Files</Filter>
    </ClCompile>
    <ClCompile Include="ImGui\imgui_demo.cpp">
      <Filter>Source Files</Filter>
    </ClCompile>
    <ClCompile Include="ImGui\imgui_draw.cpp">
      <Filter>Source Files</Filter>
    </ClCompile>
    <ClCompile Include="ImGui\imgui_widgets.cpp">
      <Filter>Source Files</Filter>
    </ClCompile>
    <ClCompile Include="ImGui\imgui_impl_dx11.cpp">
      <Filter>Source Files</Filter>
    </ClCompile>
    <ClCompile Include="ImGui\imgui_impl_win32.cpp">
      <Filter>Source Files</Filter>
    </ClCompile>
    <ClCompile Include="Source\Fraples7DevDX3D\ImGuiMgr\ImGuiMgr.cpp">
      <Filter>Source Files</Filter>
    </ClCompile>
    <ClCompile Include="Source\Fraples7DevDX3D\GraphicAPI\Graphics.cpp">
      <Filter>Source Files</Filter>
    </ClCompile>
    <ClCompile Include="Source\Fraples7DevDX3D\Objects\PointLight.cpp">
      <Filter>Source Files</Filter>
    </ClCompile>
    <ClCompile Include="Source\Fraples7DevDX3D\RendererAPI\Mesh\Model.cpp">
      <Filter>Source Files</Filter>
    </ClCompile>
    <ClCompile Include="Source\Fraples7DevDX3D\RendererAPI\Mesh\Mesh.cpp">
      <Filter>Source Files</Filter>
    </ClCompile>
    <ClCompile Include="Source\Fraples7DevDX3D\Core\MetaProgramming\Vertex.cpp">
      <Filter>Source Files</Filter>
    </ClCompile>
    <ClCompile Include="Source\Fraples7DevDX3D\Objects\BasePlane.cpp">
      <Filter>Source Files</Filter>
    </ClCompile>
    <ClCompile Include="Source\Fraples7DevDX3D\Objects\SolidSphere.cpp">
      <Filter>Source Files</Filter>
    </ClCompile>
    <ClCompile Include="Source\Fraples7DevDX3D\Objects\BaseCube.cpp">
      <Filter>Source Files</Filter>
    </ClCompile>
    <ClCompile Include="Source\Fraples7DevDX3D\Core\Math\FraplesXM.cpp">
      <Filter>Source Files</Filter>
    </ClCompile>
    <ClCompile Include="Source\Fraples7DevDX3D\RendererAPI\Blending\Blending.cpp">
      <Filter>Source Files</Filter>
    </ClCompile>
    <ClCompile Include="Source\Fraples7DevDX3D\RendererAPI\Rasterizer\Rasterizer.cpp">
      <Filter>Source Files</Filter>
    </ClCompile>
    <ClCompile Include="Source\Fraples7DevDX3D\Core\MetaProgramming\DynamicConstant.cpp">
      <Filter>Source Files</Filter>
    </ClCompile>
    <ClCompile Include="Source\Fraples7DevDX3D\RendererAPI\LayoutCodex.cpp">
      <Filter>Source Files</Filter>
    </ClCompile>
    <ClCompile Include="Source\Fraples7DevDX3D\RendererAPI\RenderPriority\Job.cpp">
      <Filter>Source Files</Filter>
    </ClCompile>
    <ClCompile Include="Source\Fraples7DevDX3D\RendererAPI\RenderPriority\Technique.cpp">
      <Filter>Source Files</Filter>
    </ClCompile>
    <ClCompile Include="Source\Fraples7DevDX3D\RendererAPI\RenderPriority\Step.cpp">
      <Filter>Source Files</Filter>
    </ClCompile>
    <ClCompile Include="Source\Fraples7DevDX3D\RendererAPI\NullPixelShader.cpp">
      <Filter>Source Files</Filter>
    </ClCompile>
    <ClCompile Include="Source\Fraples7DevDX3D\Utility\Fraples7Utility.cpp">
      <Filter>Source Files</Filter>
    </ClCompile>
    <ClCompile Include="Source\Fraples7DevDX3D\Utility\NormalMapCMD.h">
      <Filter>Source Files</Filter>
    </ClCompile>
    <ClCompile Include="Source\Fraples7DevDX3D\Utility\ScriptCommandCenter.cpp">
      <Filter>Source Files</Filter>
    </ClCompile>
    <ClCompile Include="Source\Fraples7DevDX3D\Utility\TexturePreprocessor.cpp">
      <Filter>Source Files</Filter>
    </ClCompile>
    <ClCompile Include="Source\Fraples7DevDX3D\Core\Common\Exceptions\FraplesException.cpp">
      <Filter>Source Files</Filter>
    </ClCompile>
    <ClCompile Include="Source\Fraples7DevDX3D\Core\Common\dxerr.cpp">
      <Filter>Source Files</Filter>
    </ClCompile>
    <ClCompile Include="Source\Fraples7DevDX3D\Core\Common\DxgiInfoManager.cpp">
      <Filter>Source Files</Filter>
    </ClCompile>
    <ClCompile Include="Source\Fraples7DevDX3D\Core\Common\WindowsMessageMap.cpp">
      <Filter>Source Files</Filter>
    </ClCompile>
    <ClCompile Include="Source\Fraples7DevDX3D\Utility\Timer.cpp">
      <Filter>Source Files</Filter>
    </ClCompile>
    <ClCompile Include="Source\Fraples7DevDX3D\QualityAssurance\TestingQA.cpp">
      <Filter>Source Files</Filter>
    </ClCompile>
    <ClCompile Include="Source\Fraples7DevDX3D\RendererAPI\Mesh\Material.cpp">
      <Filter>Source Files</Filter>
    </ClCompile>
    <ClCompile Include="Source\Fraples7DevDX3D\RendererAPI\Mesh\NodeSystem.cpp">
      <Filter>Source Files</Filter>
    </ClCompile>
    <ClCompile Include="Source\Fraples7DevDX3D\RendererAPI\Mesh\ModelException.cpp">
      <Filter>Source Files</Filter>
    </ClCompile>
    <ClCompile Include="Source\Fraples7DevDX3D\RendererAPI\Stencil\DepthStencil.cpp">
      <Filter>Source Files</Filter>
    </ClCompile>
    <ClCompile Include="Source\Fraples7DevDX3D\RendererAPI\RenderTarget.cpp">
      <Filter>Source Files</Filter>
    </ClCompile>
    <ClCompile Include="Source\Fraples7DevDX3D\GraphicAPI\GraphicsResource.cpp">
      <Filter>Source Files</Filter>
    </ClCompile>
    <ClCompile Include="Source\Fraples7DevDX3D\RendererAPI\RenderPriority\Pass.cpp">
      <Filter>Source Files</Filter>
    </ClCompile>
    <ClCompile Include="Source\Fraples7DevDX3D\RendererAPI\RenderPriority\TechniqueProbe.cpp">
      <Filter>Source Files</Filter>
    </ClCompile>
    <ClCompile Include="Source\Fraples7DevDX3D\RendererAPI\RenderGraph\RenderGraph.cpp">
      <Filter>Source Files</Filter>
    </ClCompile>
    <ClCompile Include="Source\Fraples7DevDX3D\RendererAPI\RenderGraph\StepLinkProbe.cpp">
      <Filter>Source Files</Filter>
    </ClCompile>
    <ClCompile Include="Source\Fraples7DevDX3D\RendererAPI\RenderGraph\Exception\RenderGraphCompileException.cpp">
      <Filter>Source Files</Filter>
    </ClCompile>
    <ClCompile Include="Source\Fraples7DevDX3D\RendererAPI\TransformCBuf\TransformCBufScaling.cpp">
      <Filter>Source Files</Filter>
    </ClCompile>
    <ClCompile Include="Source\Fraples7DevDX3D\RendererAPI\Probe\ModelProbeBase.cpp">
      <Filter>Source Files</Filter>
    </ClCompile>
    <ClCompile Include="Source\Fraples7DevDX3D\RendererAPI\Probe\TechProbeBase.cpp">
      <Filter>Source Files</Filter>
    </ClCompile>
    <ClCompile Include="Source\Fraples7DevDX3D\RendererAPI\RenderGraph\ScaleOutlineRenderGraph.cpp">
      <Filter>Source Files</Filter>
    </ClCompile>
    <ClCompile Include="Source\Fraples7DevDX3D\RendererAPI\RenderGraph\BlurOutlineRenderGraph.cpp">
      <Filter>Source Files</Filter>
    </ClCompile>
    <ClCompile Include="Source\Fraples7DevDX3D\RendererAPI\RenderGraph\Sync.cpp">
      <Filter>Source Files</Filter>
    </ClCompile>
    <ClCompile Include="Source\Fraples7DevDX3D\RendererAPI\RenderGraph\Source.cpp">
      <Filter>Source Files</Filter>
    </ClCompile>
    <ClCompile Include="Source\Fraples7DevDX3D\RendererAPI\Camera\Camera.cpp">
      <Filter>Source Files</Filter>
    </ClCompile>
    <ClCompile Include="Source\Fraples7DevDX3D\RendererAPI\Camera\MultiCamera.cpp">
      <Filter>Source Files</Filter>
    </ClCompile>
    <ClCompile Include="Source\Fraples7DevDX3D\RendererAPI\Camera\Projection.cpp">
      <Filter>Source Files</Filter>
    </ClCompile>
    <ClCompile Include="Source\Fraples7DevDX3D\RendererAPI\Camera\CameraProjection.cpp">
      <Filter>Source Files</Filter>
    </ClCompile>
    <ClCompile Include="Source\Fraples7DevDX3D\RendererAPI\Camera\ViewFrustum.cpp">
      <Filter>Source Files</Filter>
    </ClCompile>
    <ClCompile Include="Source\Fraples7DevDX3D\RendererAPI\RenderGraph\Passes\BindingPass.cpp">
      <Filter>Source Files</Filter>
    </ClCompile>
    <ClCompile Include="Source\Fraples7DevDX3D\RendererAPI\RenderGraph\Passes\BlurOutlineRenderPass.cpp">
      <Filter>Source Files</Filter>
    </ClCompile>
    <ClCompile Include="Source\Fraples7DevDX3D\RendererAPI\RenderGraph\Passes\BufferClearPass.cpp">
      <Filter>Source Files</Filter>
    </ClCompile>
    <ClCompile Include="Source\Fraples7DevDX3D\RendererAPI\RenderGraph\Passes\FullScreenPass.cpp">
      <Filter>Source Files</Filter>
    </ClCompile>
    <ClCompile Include="Source\Fraples7DevDX3D\RendererAPI\RenderGraph\Passes\HorizontalBlurPass.cpp">
      <Filter>Source Files</Filter>
    </ClCompile>
    <ClCompile Include="Source\Fraples7DevDX3D\RendererAPI\RenderGraph\Passes\LambertianPass.cpp">
      <Filter>Source Files</Filter>
    </ClCompile>
    <ClCompile Include="Source\Fraples7DevDX3D\RendererAPI\RenderGraph\Passes\OutlineMaskGenerationPass.cpp">
      <Filter>Source Files</Filter>
    </ClCompile>
    <ClCompile Include="Source\Fraples7DevDX3D\RendererAPI\RenderGraph\Passes\OutlineRenderingPass.cpp">
      <Filter>Source Files</Filter>
    </ClCompile>
    <ClCompile Include="Source\Fraples7DevDX3D\RendererAPI\RenderGraph\Passes\RenderQueuePass.cpp">
      <Filter>Source Files</Filter>
    </ClCompile>
    <ClCompile Include="Source\Fraples7DevDX3D\RendererAPI\RenderGraph\Passes\VerticalBlurPass.cpp">
      <Filter>Source Files</Filter>
    </ClCompile>
    <ClCompile Include="Source\Fraples7DevDX3D\RendererAPI\RenderGraph\Passes\WireFramePass.cpp">
      <Filter>Source Files</Filter>
    </ClCompile>
    <ClCompile Include="Source\Fraples7DevDX3D\RendererAPI\RenderGraph\Passes\ShadowMappingPass.cpp">
      <Filter>Source Files</Filter>
    </ClCompile>
    <ClCompile Include="Source\Fraples7DevDX3D\RendererAPI\ShadowMapping\ShadowCameraCBuf.cpp">
      <Filter>Source Files</Filter>
    </ClCompile>
    <ClCompile Include="Source\Fraples7DevDX3D\RendererAPI\ShadowMapping\ShadowSampler.cpp">
      <Filter>Source Files</Filter>
    </ClCompile>
    <ClCompile Include="Source\Fraples7DevDX3D\RendererAPI\ShadowMapping\ShadowRasterizer.cpp">
      <Filter>Source Files</Filter>
    </ClCompile>
    <ClCompile Include="Source\Fraples7DevDX3D\RendererAPI\RenderGraph\Passes\SkyBoxPass.cpp">
      <Filter>Source Files</Filter>
    </ClCompile>
    <ClCompile Include="Source\Fraples7DevDX3D\RendererAPI\TransformCBuf\TransformCBuf.cpp">
      <Filter>Source Files</Filter>
    </ClCompile>
    <ClCompile Include="Source\Fraples7DevDX3D\RendererAPI\TransformCBuf\SkyBoxTransformCBuf.cpp">
      <Filter>Source Files</Filter>
    </ClCompile>
    <ClCompile Include="Source\Fraples7DevDX3D\Core\Texture\CubeTexture.cpp">
      <Filter>Source Files</Filter>
    </ClCompile>
  </ItemGroup>
  <ItemGroup>
    <ClInclude Include="Source\Fraples7DevDX3D\Core\Fraples7.h">
      <Filter>Header Files</Filter>
    </ClInclude>
    <ClInclude Include="Source\Fraples7DevDX3D\Platform\Windows\Window.h">
      <Filter>Header Files</Filter>
    </ClInclude>
    <ClInclude Include="resource.h">
      <Filter>Header Files</Filter>
    </ClInclude>
    <ClInclude Include="Source\Fraples7DevDX3D\Input Events\KeyboardEvent.h">
      <Filter>Header Files</Filter>
    </ClInclude>
    <ClInclude Include="Source\Fraples7DevDX3D\Input Events\MouseEvents.h">
      <Filter>Header Files</Filter>
    </ClInclude>
    <ClInclude Include="Source\Fraples7DevDX3D\Core\Application.h">
      <Filter>Header Files</Filter>
    </ClInclude>
    <ClInclude Include="Source\Fraples7DevDX3D\RendererAPI\GFXContext.h">
      <Filter>Header Files</Filter>
    </ClInclude>
    <ClInclude Include="Source\Fraples7DevDX3D\RendererAPI\ConstantBuffers.h">
      <Filter>Header Files</Filter>
    </ClInclude>
    <ClInclude Include="Source\Fraples7DevDX3D\RendererAPI\Renderer.h">
      <Filter>Header Files</Filter>
    </ClInclude>
    <ClInclude Include="Source\Fraples7DevDX3D\RendererAPI\InputLayout.h">
      <Filter>Header Files</Filter>
    </ClInclude>
    <ClInclude Include="Source\Fraples7DevDX3D\RendererAPI\Topology.h">
      <Filter>Header Files</Filter>
    </ClInclude>
    <ClInclude Include="Source\Fraples7DevDX3D\RendererAPI\IndexBuffer.h">
      <Filter>Header Files</Filter>
    </ClInclude>
    <ClInclude Include="Source\Fraples7DevDX3D\RendererAPI\VertexBuffer.h">
      <Filter>Header Files</Filter>
    </ClInclude>
    <ClInclude Include="Source\Fraples7DevDX3D\RendererAPI\GFXContextBase.h">
      <Filter>Header Files</Filter>
    </ClInclude>
    <ClInclude Include="Source\Fraples7DevDX3D\RendererAPI\PixelShader.h">
      <Filter>Header Files</Filter>
    </ClInclude>
    <ClInclude Include="Source\Fraples7DevDX3D\RendererAPI\VertexShader.h">
      <Filter>Header Files</Filter>
    </ClInclude>
    <ClInclude Include="Source\Fraples7DevDX3D\RendererAPI\RendererBase.h">
      <Filter>Header Files</Filter>
    </ClInclude>
    <ClInclude Include="Source\Fraples7DevDX3D\Core\Math\Math.h">
      <Filter>Header Files</Filter>
    </ClInclude>
    <ClInclude Include="Source\Fraples7DevDX3D\Core\IndexedList.h">
      <Filter>Header Files</Filter>
    </ClInclude>
    <ClInclude Include="Source\Fraples7DevDX3D\Core\Surface.h">
      <Filter>Header Files</Filter>
    </ClInclude>
    <ClInclude Include="Source\Fraples7DevDX3D\Core\Texture\Texture.h">
      <Filter>Header Files</Filter>
    </ClInclude>
    <ClInclude Include="Source\Fraples7DevDX3D\Core\Sampler.h">
      <Filter>Header Files</Filter>
    </ClInclude>
    <ClInclude Include="ImGui\imconfig.h">
      <Filter>Header Files</Filter>
    </ClInclude>
    <ClInclude Include="ImGui\imgui.h">
      <Filter>Header Files</Filter>
    </ClInclude>
    <ClInclude Include="ImGui\imgui_internal.h">
      <Filter>Header Files</Filter>
    </ClInclude>
    <ClInclude Include="ImGui\imstb_rectpack.h">
      <Filter>Header Files</Filter>
    </ClInclude>
    <ClInclude Include="ImGui\imstb_textedit.h">
      <Filter>Header Files</Filter>
    </ClInclude>
    <ClInclude Include="ImGui\imstb_truetype.h">
      <Filter>Header Files</Filter>
    </ClInclude>
    <ClInclude Include="ImGui\imgui_impl_dx11.h">
      <Filter>Header Files</Filter>
    </ClInclude>
    <ClInclude Include="ImGui\imgui_impl_win32.h">
      <Filter>Header Files</Filter>
    </ClInclude>
    <ClInclude Include="Source\Fraples7DevDX3D\ImGuiMgr\ImGuiMgr.h">
      <Filter>Header Files</Filter>
    </ClInclude>
    <ClInclude Include="Source\Fraples7DevDX3D\GraphicAPI\Graphics.h">
      <Filter>Header Files</Filter>
    </ClInclude>
    <ClInclude Include="Source\Fraples7DevDX3D\Objects\PointLight.h">
      <Filter>Header Files</Filter>
    </ClInclude>
    <ClInclude Include="Source\Fraples7DevDX3D\Objects\BaseObject.h">
      <Filter>Header Files</Filter>
    </ClInclude>
    <ClInclude Include="Source\Fraples7DevDX3D\Core\MetaProgramming\Vertex.h">
      <Filter>Header Files</Filter>
    </ClInclude>
    <ClInclude Include="Source\Fraples7DevDX3D\RendererAPI\Mesh\Model.h">
      <Filter>Header Files</Filter>
    </ClInclude>
    <ClInclude Include="Source\Fraples7DevDX3D\RendererAPI\Mesh\Mesh.h">
      <Filter>Header Files</Filter>
    </ClInclude>
    <ClInclude Include="Source\Fraples7DevDX3D\RendererAPI\GFXContextCodex.h">
      <Filter>Header Files</Filter>
    </ClInclude>
    <ClInclude Include="Source\Fraples7DevDX3D\Objects\Plane.h">
      <Filter>Header Files</Filter>
    </ClInclude>
    <ClInclude Include="Source\Fraples7DevDX3D\Objects\BasePlane.h">
      <Filter>Header Files</Filter>
    </ClInclude>
    <ClInclude Include="Source\Fraples7DevDX3D\Objects\SolidSphere.h">
      <Filter>Header Files</Filter>
    </ClInclude>
    <ClInclude Include="Source\Fraples7DevDX3D\Objects\Sphere.h">
      <Filter>Header Files</Filter>
    </ClInclude>
    <ClInclude Include="Source\Fraples7DevDX3D\Objects\Cube.h">
      <Filter>Header Files</Filter>
    </ClInclude>
    <ClInclude Include="Source\Fraples7DevDX3D\Objects\BaseCube.h">
      <Filter>Header Files</Filter>
    </ClInclude>
    <ClInclude Include="Source\Fraples7DevDX3D\Core\Math\FraplesXM.h">
      <Filter>Header Files</Filter>
    </ClInclude>
    <ClInclude Include="Source\Fraples7DevDX3D\RendererAPI\Blending\Blending.h">
      <Filter>Header Files</Filter>
    </ClInclude>
    <ClInclude Include="Source\Fraples7DevDX3D\RendererAPI\Rasterizer\Rasterizer.h">
      <Filter>Header Files</Filter>
    </ClInclude>
    <ClInclude Include="DirectXTex\BC.h">
      <Filter>Header Files</Filter>
    </ClInclude>
    <ClInclude Include="DirectXTex\BCDirectCompute.h">
      <Filter>Header Files</Filter>
    </ClInclude>
    <ClInclude Include="DirectXTex\d3dx12.h">
      <Filter>Header Files</Filter>
    </ClInclude>
    <ClInclude Include="DirectXTex\DDS.h">
      <Filter>Header Files</Filter>
    </ClInclude>
    <ClInclude Include="DirectXTex\DirectXTex.h">
      <Filter>Header Files</Filter>
    </ClInclude>
    <ClInclude Include="DirectXTex\DirectXTexP.h">
      <Filter>Header Files</Filter>
    </ClInclude>
    <ClInclude Include="DirectXTex\filters.h">
      <Filter>Header Files</Filter>
    </ClInclude>
    <ClInclude Include="DirectXTex\scoped.h">
      <Filter>Header Files</Filter>
    </ClInclude>
    <ClInclude Include="Source\Fraples7DevDX3D\Core\MetaProgramming\DynamicConstant.h">
      <Filter>Header Files</Filter>
    </ClInclude>
    <ClInclude Include="Source\Fraples7DevDX3D\RendererAPI\ConstantBuffersEx.h">
      <Filter>Header Files</Filter>
    </ClInclude>
    <ClInclude Include="Source\Fraples7DevDX3D\RendererAPI\LayoutCodex.h">
      <Filter>Header Files</Filter>
    </ClInclude>
    <ClInclude Include="Source\Fraples7DevDX3D\QualityAssurance\TestingQA.h">
      <Filter>Header Files</Filter>
    </ClInclude>
    <ClInclude Include="Source\Fraples7DevDX3D\RendererAPI\RenderPriority\Job.h">
      <Filter>Header Files</Filter>
    </ClInclude>
    <ClInclude Include="Source\Fraples7DevDX3D\RendererAPI\RenderPriority\Pass.h">
      <Filter>Header Files</Filter>
    </ClInclude>
    <ClInclude Include="Source\Fraples7DevDX3D\RendererAPI\RenderPriority\Step.h">
      <Filter>Header Files</Filter>
    </ClInclude>
    <ClInclude Include="Source\Fraples7DevDX3D\RendererAPI\RenderPriority\Technique.h">
      <Filter>Header Files</Filter>
    </ClInclude>
    <ClInclude Include="Source\Fraples7DevDX3D\RendererAPI\NullPixelShader.h">
      <Filter>Header Files</Filter>
    </ClInclude>
    <ClInclude Include="Source\Fraples7DevDX3D\Utility\Fraples7Utility.h">
      <Filter>Header Files</Filter>
    </ClInclude>
    <ClInclude Include="Source\Fraples7DevDX3D\Utility\ScriptCommandCenter.h">
      <Filter>Header Files</Filter>
    </ClInclude>
    <ClInclude Include="Source\Fraples7DevDX3D\Utility\TexturePreprocessor.h">
      <Filter>Header Files</Filter>
    </ClInclude>
    <ClInclude Include="Source\Fraples7DevDX3D\Utility\SpeedLog.h">
      <Filter>Header Files</Filter>
    </ClInclude>
    <ClInclude Include="Source\Fraples7DevDX3D\Core\Common\Exceptions\Macros\GraphicsThrowMacros.h">
      <Filter>Header Files</Filter>
    </ClInclude>
    <ClInclude Include="Source\Fraples7DevDX3D\Core\Common\Exceptions\Macros\WindowsThrowMacros.h">
      <Filter>Header Files</Filter>
    </ClInclude>
    <ClInclude Include="Source\Fraples7DevDX3D\Core\Common\Exceptions\FraplesException.h">
      <Filter>Header Files</Filter>
    </ClInclude>
    <ClInclude Include="Source\Fraples7DevDX3D\Core\Common\dxerr.h">
      <Filter>Header Files</Filter>
    </ClInclude>
    <ClInclude Include="Source\Fraples7DevDX3D\Core\Common\DxgiInfoManager.h">
      <Filter>Header Files</Filter>
    </ClInclude>
    <ClInclude Include="Source\Fraples7DevDX3D\Core\Common\WindowsMessageMap.h">
      <Filter>Header Files</Filter>
    </ClInclude>
    <ClInclude Include="Source\Fraples7DevDX3D\Utility\Timer.h">
      <Filter>Header Files</Filter>
    </ClInclude>
    <ClInclude Include="Source\Fraples7DevDX3D\RendererAPI\RenderPriority\TechniqueProbe.h">
      <Filter>Header Files</Filter>
    </ClInclude>
    <ClInclude Include="Source\Fraples7DevDX3D\RendererAPI\Mesh\Material.h">
      <Filter>Header Files</Filter>
    </ClInclude>
    <ClInclude Include="Source\Fraples7DevDX3D\RendererAPI\Mesh\NodeSystem.h">
      <Filter>Header Files</Filter>
    </ClInclude>
    <ClInclude Include="Source\Fraples7DevDX3D\RendererAPI\Mesh\ModelException.h">
      <Filter>Header Files</Filter>
    </ClInclude>
    <ClInclude Include="Source\Fraples7DevDX3D\RendererAPI\Mesh\ModelProbe.h">
      <Filter>Header Files</Filter>
    </ClInclude>
    <ClInclude Include="Source\Fraples7DevDX3D\RendererAPI\Stencil\DepthStencil.h">
      <Filter>Header Files</Filter>
    </ClInclude>
    <ClInclude Include="Source\Fraples7DevDX3D\RendererAPI\RenderTarget.h">
      <Filter>Header Files</Filter>
    </ClInclude>
    <ClInclude Include="Source\Fraples7DevDX3D\GraphicAPI\GraphicsResource.h">
      <Filter>Header Files</Filter>
    </ClInclude>
    <ClInclude Include="Source\Fraples7DevDX3D\RendererAPI\Filters\BlurPack.h">
      <Filter>Header Files</Filter>
    </ClInclude>
    <ClInclude Include="Source\Fraples7DevDX3D\RendererAPI\RenderGraph\BufferResource.h">
      <Filter>Header Files</Filter>
    </ClInclude>
    <ClInclude Include="Source\Fraples7DevDX3D\RendererAPI\RenderGraph\RenderGraph.h">
      <Filter>Header Files</Filter>
    </ClInclude>
    <ClInclude Include="Source\Fraples7DevDX3D\RendererAPI\RenderGraph\StepLinkProbe.h">
      <Filter>Header Files</Filter>
    </ClInclude>
    <ClInclude Include="Source\Fraples7DevDX3D\RendererAPI\RenderGraph\Exception\RenderGraphCompileException.h">
      <Filter>Header Files</Filter>
    </ClInclude>
    <ClInclude Include="Source\Fraples7DevDX3D\RendererAPI\TransformCBuf\TransformCBufScaling.h">
      <Filter>Header Files</Filter>
    </ClInclude>
    <ClInclude Include="Source\Fraples7DevDX3D\RendererAPI\Probe\ModelProbeBase.h">
      <Filter>Header Files</Filter>
    </ClInclude>
    <ClInclude Include="Source\Fraples7DevDX3D\RendererAPI\Probe\TechProbeBase.h">
      <Filter>Header Files</Filter>
    </ClInclude>
    <ClInclude Include="Source\Fraples7DevDX3D\RendererAPI\RenderGraph\ScaleOutlineRenderGraph.h">
      <Filter>Header Files</Filter>
    </ClInclude>
    <ClInclude Include="Source\Fraples7DevDX3D\RendererAPI\RenderGraph\BlurOutlineRenderGraph.h">
      <Filter>Header Files</Filter>
    </ClInclude>
    <ClInclude Include="Source\Fraples7DevDX3D\RendererAPI\RenderGraph\Sync.h">
      <Filter>Header Files</Filter>
    </ClInclude>
    <ClInclude Include="Source\Fraples7DevDX3D\RendererAPI\RenderGraph\Source.h">
      <Filter>Header Files</Filter>
    </ClInclude>
    <ClInclude Include="Source\Fraples7DevDX3D\RendererAPI\Camera\Camera.h">
      <Filter>Header Files</Filter>
    </ClInclude>
    <ClInclude Include="Source\Fraples7DevDX3D\RendererAPI\Camera\MultiCamera.h">
      <Filter>Header Files</Filter>
    </ClInclude>
    <ClInclude Include="Source\Fraples7DevDX3D\RendererAPI\Camera\Projection.h">
      <Filter>Header Files</Filter>
    </ClInclude>
    <ClInclude Include="Source\Fraples7DevDX3D\RendererAPI\Camera\CameraProjection.h">
      <Filter>Header Files</Filter>
    </ClInclude>
    <ClInclude Include="Source\Fraples7DevDX3D\RendererAPI\Camera\ViewFrustum.h">
      <Filter>Header Files</Filter>
    </ClInclude>
    <ClInclude Include="Source\Fraples7DevDX3D\RendererAPI\RenderGraph\Passes\BindingPass.h">
      <Filter>Header Files</Filter>
    </ClInclude>
    <ClInclude Include="Source\Fraples7DevDX3D\RendererAPI\RenderGraph\Passes\BlurOutlineRenderPass.h">
      <Filter>Header Files</Filter>
    </ClInclude>
    <ClInclude Include="Source\Fraples7DevDX3D\RendererAPI\RenderGraph\Passes\BufferClearPass.h">
      <Filter>Header Files</Filter>
    </ClInclude>
    <ClInclude Include="Source\Fraples7DevDX3D\RendererAPI\RenderGraph\Passes\FullScreenPass.h">
      <Filter>Header Files</Filter>
    </ClInclude>
    <ClInclude Include="Source\Fraples7DevDX3D\RendererAPI\RenderGraph\Passes\HorizontalBlurPass.h">
      <Filter>Header Files</Filter>
    </ClInclude>
    <ClInclude Include="Source\Fraples7DevDX3D\RendererAPI\RenderGraph\Passes\LambertianPass.h">
      <Filter>Header Files</Filter>
    </ClInclude>
    <ClInclude Include="Source\Fraples7DevDX3D\RendererAPI\RenderGraph\Passes\OutlineMaskGenerationPass.h">
      <Filter>Header Files</Filter>
    </ClInclude>
    <ClInclude Include="Source\Fraples7DevDX3D\RendererAPI\RenderGraph\Passes\OutlineRenderingPass.h">
      <Filter>Header Files</Filter>
    </ClInclude>
    <ClInclude Include="Source\Fraples7DevDX3D\RendererAPI\RenderGraph\Passes\RenderQueuePass.h">
      <Filter>Header Files</Filter>
    </ClInclude>
    <ClInclude Include="Source\Fraples7DevDX3D\RendererAPI\RenderGraph\Passes\VerticalBlurPass.h">
      <Filter>Header Files</Filter>
    </ClInclude>
    <ClInclude Include="Source\Fraples7DevDX3D\RendererAPI\RenderGraph\Passes\WireFramePass.h">
      <Filter>Header Files</Filter>
    </ClInclude>
    <ClInclude Include="Source\Fraples7DevDX3D\RendererAPI\Stencil\Stencil.h">
      <Filter>Header Files</Filter>
    </ClInclude>
    <ClInclude Include="Source\Fraples7DevDX3D\RendererAPI\ShadowMapping\Channels.h">
      <Filter>Header Files</Filter>
    </ClInclude>
    <ClInclude Include="Source\Fraples7DevDX3D\RendererAPI\RenderGraph\Passes\ShadowMappingPass.h">
      <Filter>Header Files</Filter>
    </ClInclude>
    <ClInclude Include="Source\Fraples7DevDX3D\RendererAPI\ShadowMapping\ShadowCameraCBuf.h">
      <Filter>Header Files</Filter>
    </ClInclude>
    <ClInclude Include="Source\Fraples7DevDX3D\RendererAPI\ShadowMapping\ShadowSampler.h">
      <Filter>Header Files</Filter>
    </ClInclude>
    <ClInclude Include="Source\Fraples7DevDX3D\RendererAPI\ShadowMapping\ShadowRasterizer.h">
      <Filter>Header Files</Filter>
    </ClInclude>
    <ClInclude Include="Source\Fraples7DevDX3D\RendererAPI\TransformCBuf\TransformCBuf.h">
      <Filter>Header Files</Filter>
    </ClInclude>
    <ClInclude Include="Source\Fraples7DevDX3D\RendererAPI\RenderGraph\Passes\SkyBoxPass.h">
      <Filter>Header Files</Filter>
    </ClInclude>
    <ClInclude Include="Source\Fraples7DevDX3D\RendererAPI\TransformCBuf\SkyBoxTransformCBuf.h">
      <Filter>Header Files</Filter>
    </ClInclude>
    <ClInclude Include="Source\Fraples7DevDX3D\Core\Texture\CubeTexture.h">
      <Filter>Header Files</Filter>
    </ClInclude>
    <ClInclude Include="Source\Fraples7DevDX3D\Core\ViewPort.h">
      <Filter>Header Files</Filter>
    </ClInclude>
  </ItemGroup>
  <ItemGroup>
    <None Include="DirectXTex\DirectXTex.inl">
      <Filter>Header Files</Filter>
    </None>
    <None Include="process.json" />
    <None Include="Source\Fraples7DevDX3D\Core\Common\DXGetErrorDescription.inl">
      <Filter>Header Files</Filter>
    </None>
    <None Include="Source\Fraples7DevDX3D\Core\Common\DXGetErrorString.inl">
      <Filter>Header Files</Filter>
    </None>
    <None Include="Source\Fraples7DevDX3D\Core\Common\DXTrace.inl">
      <Filter>Header Files</Filter>
    </None>
    <None Include="Source\Fraples7DevDX3D\Shaders\Common\LightVectorData.hlsli" />
    <None Include="Source\Fraples7DevDX3D\Shaders\Common\PointLight.hlsli" />
    <None Include="Source\Fraples7DevDX3D\Shaders\Common\PShadow.hlsli" />
    <None Include="Source\Fraples7DevDX3D\Shaders\Common\ShaderOps.hlsli" />
    <None Include="Source\Fraples7DevDX3D\Shaders\Common\TransformData.hlsli" />
    <None Include="Source\Fraples7DevDX3D\Shaders\Common\VShadow.hlsli" />
    <None Include="Source\Fraples7DevDX3D\Shaders\Common\_PShadow_Dynamic.hlsli" />
    <None Include="Source\Fraples7DevDX3D\Shaders\Common\_PShadow_Static.hlsli" />
  </ItemGroup>
  <ItemGroup>
    <FxCompile Include="Source\Fraples7DevDX3D\Shaders\ColorBlendVS.hlsl" />
    <FxCompile Include="Source\Fraples7DevDX3D\Shaders\ColorBlendPS.hlsl" />
    <FxCompile Include="Source\Fraples7DevDX3D\Shaders\IndexedPhongPS.hlsl" />
    <FxCompile Include="Source\Fraples7DevDX3D\Shaders\BlendedPhongVS.hlsl" />
    <FxCompile Include="Source\Fraples7DevDX3D\Shaders\BlendedPhongPS.hlsl" />
    <FxCompile Include="Source\Fraples7DevDX3D\Shaders\TexturePhongVS.hlsl" />
    <FxCompile Include="Source\Fraples7DevDX3D\Shaders\TexturePhongPS.hlsl" />
    <FxCompile Include="Source\Fraples7DevDX3D\Shaders\PhongPSNormalMapObject.hlsl" />
    <FxCompile Include="Source\Fraples7DevDX3D\Shaders\Solid_VS.hlsl" />
    <FxCompile Include="Source\Fraples7DevDX3D\Shaders\Solid_PS.hlsl" />
    <FxCompile Include="Source\Fraples7DevDX3D\Shaders\Phong_PS.hlsl" />
    <FxCompile Include="Source\Fraples7DevDX3D\Shaders\Phong_VS.hlsl" />
    <FxCompile Include="Source\Fraples7DevDX3D\Shaders\PhongDiffuse_VS.hlsl" />
    <FxCompile Include="Source\Fraples7DevDX3D\Shaders\PhongDiffuseNormal_VS.hlsl" />
    <FxCompile Include="Source\Fraples7DevDX3D\Shaders\PhongDiffuseNormal_PS.hlsl" />
    <FxCompile Include="Source\Fraples7DevDX3D\Shaders\PhongDiffuse_PS.hlsl" />
    <FxCompile Include="Source\Fraples7DevDX3D\Shaders\PhongDiffuseSpecularNormal_PS.hlsl" />
    <FxCompile Include="Source\Fraples7DevDX3D\Shaders\PhongDiffuseSpecular_PS.hlsl" />
    <FxCompile Include="Source\Fraples7DevDX3D\Shaders\PhongDiffuseSpecular_VS.hlsl" />
    <FxCompile Include="Source\Fraples7DevDX3D\Shaders\PhongDiffuseSpecularNormal_VS.hlsl" />
    <FxCompile Include="Source\Fraples7DevDX3D\Shaders\PhongDiffuseMaskSpecularNormal_PS.hlsl" />
    <FxCompile Include="Source\Fraples7DevDX3D\Shaders\PhongDiffuseMaskSpecularNormal_VS.hlsl" />
    <FxCompile Include="Source\Fraples7DevDX3D\Shaders\Offset_VS.hlsl" />
    <FxCompile Include="Source\Fraples7DevDX3D\Shaders\FullScreen_VS.hlsl" />
    <FxCompile Include="Source\Fraples7DevDX3D\Shaders\Blur_PS.hlsl" />
    <FxCompile Include="Source\Fraples7DevDX3D\Shaders\BlurOutline_PS.hlsl" />
    <FxCompile Include="Source\Fraples7DevDX3D\Shaders\PhongDiffuseMaskSpecular_VS.hlsl" />
    <FxCompile Include="Source\Fraples7DevDX3D\Shaders\PhongDiffuseMaskSpecular_PS.hlsl" />
    <FxCompile Include="Source\Fraples7DevDX3D\Shaders\ShadowTest_PS.hlsl" />
    <FxCompile Include="Source\Fraples7DevDX3D\Shaders\ShadowTest_VS.hlsl" />
    <FxCompile Include="Source\Fraples7DevDX3D\Shaders\SkyBox_PS.hlsl" />
    <FxCompile Include="Source\Fraples7DevDX3D\Shaders\SkyBox_VS.hlsl" />
    <FxCompile Include="Source\Fraples7DevDX3D\Shaders\Shadow_VS.hlsl" />
  </ItemGroup>
</Project>