<?xml version="1.0" encoding="utf-8"?>
<Project ToolsVersion="4.0" xmlns="http://schemas.microsoft.com/developer/msbuild/2003">
  <ItemGroup>
    <Filter Include="Source Files">
      <UniqueIdentifier>{4FC737F1-C7A5-4376-A066-2A32D752A2FF}</UniqueIdentifier>
      <Extensions>cpp;c;cc;cxx;def;odl;idl;hpj;bat;asm;asmx</Extensions>
    </Filter>
    <Filter Include="Header Files">
      <UniqueIdentifier>{93995380-89BD-4b04-88EB-625FBE52EBFB}</UniqueIdentifier>
      <Extensions>h;hh;hpp;hxx;hm;inl;inc;ipp;xsd</Extensions>
    </Filter>
    <Filter Include="Resource Files">
      <UniqueIdentifier>{67DA6AB6-F800-4c08-8B7A-83BB121AAD01}</UniqueIdentifier>
      <Extensions>rc;ico;cur;bmp;dlg;rc2;rct;bin;rgs;gif;jpg;jpeg;jpe;resx;tiff;tif;png;wav;mfcribbon-ms</Extensions>
    </Filter>
  </ItemGroup>
  <ItemGroup>
    <ClCompile Include="WinEntryPoint.cpp">
      <Filter>Source Files</Filter>
    </ClCompile>
    <ClCompile Include="Source\Fraples7DevDX3D\Core\Debugging\WindowsMessageMap.cpp">
      <Filter>Source Files</Filter>
    </ClCompile>
    <ClCompile Include="Source\Fraples7DevDX3D\Platform\Windows\Window.cpp">
      <Filter>Source Files</Filter>
    </ClCompile>
    <ClCompile Include="Source\Fraples7DevDX3D\Input Events\KeyboardEvent.cpp">
      <Filter>Source Files</Filter>
    </ClCompile>
    <ClCompile Include="Source\Fraples7DevDX3D\Input Events\MouseEvents.cpp">
      <Filter>Source Files</Filter>
    </ClCompile>
    <ClCompile Include="Source\Fraples7DevDX3D\Core\Debugging\Timer.cpp">
      <Filter>Source Files</Filter>
    </ClCompile>
    <ClCompile Include="Source\Fraples7DevDX3D\Core\Application.cpp">
      <Filter>Source Files</Filter>
    </ClCompile>
    <ClCompile Include="Source\Fraples7DevDX3D\Core\Debugging\Exceptions\FraplesException.cpp">
      <Filter>Source Files</Filter>
    </ClCompile>
    <ClCompile Include="Source\Fraples7DevDX3D\Core\Debugging\dxerr.cpp">
      <Filter>Source Files</Filter>
    </ClCompile>
    <ClCompile Include="Source\Fraples7DevDX3D\Core\Debugging\DxgiInfoManager.cpp">
      <Filter>Source Files</Filter>
    </ClCompile>
    <ClCompile Include="Source\Fraples7DevDX3D\RendererAPI\GFXContext.cpp">
      <Filter>Source Files</Filter>
    </ClCompile>
    <ClCompile Include="Source\Fraples7DevDX3D\RendererAPI\Renderer.cpp">
      <Filter>Source Files</Filter>
    </ClCompile>
    <ClCompile Include="Source\Fraples7DevDX3D\RendererAPI\TransformCBuf.cpp">
      <Filter>Source Files</Filter>
    </ClCompile>
    <ClCompile Include="Source\Fraples7DevDX3D\RendererAPI\InputLayout.cpp">
      <Filter>Source Files</Filter>
    </ClCompile>
    <ClCompile Include="Source\Fraples7DevDX3D\RendererAPI\Topology.cpp">
      <Filter>Source Files</Filter>
    </ClCompile>
    <ClCompile Include="Source\Fraples7DevDX3D\RendererAPI\IndexBuffer.cpp">
      <Filter>Source Files</Filter>
    </ClCompile>
    <ClCompile Include="Source\Fraples7DevDX3D\RendererAPI\VertexBuffer.cpp">
      <Filter>Source Files</Filter>
    </ClCompile>
    <ClCompile Include="Source\Fraples7DevDX3D\RendererAPI\PixelShader.cpp">
      <Filter>Source Files</Filter>
    </ClCompile>
    <ClCompile Include="Source\Fraples7DevDX3D\RendererAPI\VertexShader.cpp">
      <Filter>Source Files</Filter>
    </ClCompile>
    <ClCompile Include="Source\Fraples7DevDX3D\Core\Surface.cpp">
      <Filter>Source Files</Filter>
    </ClCompile>
    <ClCompile Include="Source\Fraples7DevDX3D\Core\GDIPlusManager.cpp">
      <Filter>Source Files</Filter>
    </ClCompile>
    <ClCompile Include="Source\Fraples7DevDX3D\Core\Texture\Texture.cpp">
      <Filter>Source Files</Filter>
    </ClCompile>
    <ClCompile Include="Source\Fraples7DevDX3D\Core\Sampler.cpp">
      <Filter>Source Files</Filter>
    </ClCompile>
    <ClCompile Include="ImGui\imgui.cpp">
      <Filter>Source Files</Filter>
    </ClCompile>
    <ClCompile Include="ImGui\imgui_demo.cpp">
      <Filter>Source Files</Filter>
    </ClCompile>
    <ClCompile Include="ImGui\imgui_draw.cpp">
      <Filter>Source Files</Filter>
    </ClCompile>
    <ClCompile Include="ImGui\imgui_widgets.cpp">
      <Filter>Source Files</Filter>
    </ClCompile>
    <ClCompile Include="ImGui\imgui_impl_dx11.cpp">
      <Filter>Source Files</Filter>
    </ClCompile>
    <ClCompile Include="ImGui\imgui_impl_win32.cpp">
      <Filter>Source Files</Filter>
    </ClCompile>
    <ClCompile Include="Source\Fraples7DevDX3D\ImGuiMgr\ImGuiMgr.cpp">
      <Filter>Source Files</Filter>
    </ClCompile>
    <ClCompile Include="Source\Fraples7DevDX3D\GraphicAPI\Graphics.cpp">
      <Filter>Source Files</Filter>
    </ClCompile>
    <ClCompile Include="Source\Fraples7DevDX3D\RendererAPI\Camera.cpp">
      <Filter>Source Files</Filter>
    </ClCompile>
    <ClCompile Include="Source\Fraples7DevDX3D\Objects\PointLight.cpp">
      <Filter>Source Files</Filter>
    </ClCompile>
    <ClCompile Include="Source\Fraples7DevDX3D\RendererAPI\Mesh\Model.cpp">
      <Filter>Source Files</Filter>
    </ClCompile>
    <ClCompile Include="Source\Fraples7DevDX3D\RendererAPI\Mesh\Mesh.cpp">
      <Filter>Source Files</Filter>
    </ClCompile>
    <ClCompile Include="Source\Fraples7DevDX3D\Core\MetaProgramming\Vertex.cpp">
      <Filter>Source Files</Filter>
    </ClCompile>
    <ClCompile Include="Source\Fraples7DevDX3D\Objects\BasePlane.cpp">
      <Filter>Source Files</Filter>
    </ClCompile>
    <ClCompile Include="Source\Fraples7DevDX3D\Objects\SolidSphere.cpp">
      <Filter>Source Files</Filter>
    </ClCompile>
  </ItemGroup>
  <ItemGroup>
    <ClInclude Include="Source\Fraples7DevDX3D\Core\Debugging\WindowsMessageMap.h">
      <Filter>Header Files</Filter>
    </ClInclude>
    <ClInclude Include="Source\Fraples7DevDX3D\Core\Fraples7.h">
      <Filter>Header Files</Filter>
    </ClInclude>
    <ClInclude Include="Source\Fraples7DevDX3D\Platform\Windows\Window.h">
      <Filter>Header Files</Filter>
    </ClInclude>
    <ClInclude Include="resource.h">
      <Filter>Header Files</Filter>
    </ClInclude>
    <ClInclude Include="Source\Fraples7DevDX3D\Input Events\KeyboardEvent.h">
      <Filter>Header Files</Filter>
    </ClInclude>
    <ClInclude Include="Source\Fraples7DevDX3D\Input Events\MouseEvents.h">
      <Filter>Header Files</Filter>
    </ClInclude>
    <ClInclude Include="Source\Fraples7DevDX3D\Core\Debugging\Timer.h">
      <Filter>Header Files</Filter>
    </ClInclude>
    <ClInclude Include="Source\Fraples7DevDX3D\Core\Application.h">
      <Filter>Header Files</Filter>
    </ClInclude>
    <ClInclude Include="Source\Fraples7DevDX3D\Core\Debugging\Exceptions\FraplesException.h">
      <Filter>Header Files</Filter>
    </ClInclude>
    <ClInclude Include="Source\Fraples7DevDX3D\Core\Debugging\dxerr.h">
      <Filter>Header Files</Filter>
    </ClInclude>
    <ClInclude Include="Source\Fraples7DevDX3D\Core\Debugging\DxgiInfoManager.h">
      <Filter>Header Files</Filter>
    </ClInclude>
    <ClInclude Include="Source\Fraples7DevDX3D\Core\Debugging\Exceptions\Macros\GraphicsThrowMacros.h">
      <Filter>Header Files</Filter>
    </ClInclude>
    <ClInclude Include="Source\Fraples7DevDX3D\Core\Debugging\Exceptions\Macros\WindowsThrowMacros.h">
      <Filter>Header Files</Filter>
    </ClInclude>
    <ClInclude Include="Source\Fraples7DevDX3D\RendererAPI\GFXContext.h">
      <Filter>Header Files</Filter>
    </ClInclude>
    <ClInclude Include="Source\Fraples7DevDX3D\RendererAPI\ConstantBuffers.h">
      <Filter>Header Files</Filter>
    </ClInclude>
    <ClInclude Include="Source\Fraples7DevDX3D\RendererAPI\Renderer.h">
      <Filter>Header Files</Filter>
    </ClInclude>
    <ClInclude Include="Source\Fraples7DevDX3D\RendererAPI\TransformCBuf.h">
      <Filter>Header Files</Filter>
    </ClInclude>
    <ClInclude Include="Source\Fraples7DevDX3D\RendererAPI\InputLayout.h">
      <Filter>Header Files</Filter>
    </ClInclude>
    <ClInclude Include="Source\Fraples7DevDX3D\RendererAPI\Topology.h">
      <Filter>Header Files</Filter>
    </ClInclude>
    <ClInclude Include="Source\Fraples7DevDX3D\RendererAPI\IndexBuffer.h">
      <Filter>Header Files</Filter>
    </ClInclude>
    <ClInclude Include="Source\Fraples7DevDX3D\RendererAPI\VertexBuffer.h">
      <Filter>Header Files</Filter>
    </ClInclude>
    <ClInclude Include="Source\Fraples7DevDX3D\RendererAPI\GFXContextBase.h">
      <Filter>Header Files</Filter>
    </ClInclude>
    <ClInclude Include="Source\Fraples7DevDX3D\RendererAPI\PixelShader.h">
      <Filter>Header Files</Filter>
    </ClInclude>
    <ClInclude Include="Source\Fraples7DevDX3D\RendererAPI\VertexShader.h">
      <Filter>Header Files</Filter>
    </ClInclude>
    <ClInclude Include="Source\Fraples7DevDX3D\RendererAPI\RendererBase.h">
      <Filter>Header Files</Filter>
    </ClInclude>
    <ClInclude Include="Source\Fraples7DevDX3D\Core\Math\Math.h">
      <Filter>Header Files</Filter>
    </ClInclude>
    <ClInclude Include="Source\Fraples7DevDX3D\Core\IndexedList.h">
      <Filter>Header Files</Filter>
    </ClInclude>
    <ClInclude Include="Source\Fraples7DevDX3D\Core\Surface.h">
      <Filter>Header Files</Filter>
    </ClInclude>
    <ClInclude Include="Source\Fraples7DevDX3D\Core\GDIPlusManager.h">
      <Filter>Header Files</Filter>
    </ClInclude>
    <ClInclude Include="Source\Fraples7DevDX3D\Core\Texture\Texture.h">
      <Filter>Header Files</Filter>
    </ClInclude>
    <ClInclude Include="Source\Fraples7DevDX3D\Core\Sampler.h">
      <Filter>Header Files</Filter>
    </ClInclude>
    <ClInclude Include="ImGui\imconfig.h">
      <Filter>Header Files</Filter>
    </ClInclude>
    <ClInclude Include="ImGui\imgui.h">
      <Filter>Header Files</Filter>
    </ClInclude>
    <ClInclude Include="ImGui\imgui_internal.h">
      <Filter>Header Files</Filter>
    </ClInclude>
    <ClInclude Include="ImGui\imstb_rectpack.h">
      <Filter>Header Files</Filter>
    </ClInclude>
    <ClInclude Include="ImGui\imstb_textedit.h">
      <Filter>Header Files</Filter>
    </ClInclude>
    <ClInclude Include="ImGui\imstb_truetype.h">
      <Filter>Header Files</Filter>
    </ClInclude>
    <ClInclude Include="ImGui\imgui_impl_dx11.h">
      <Filter>Header Files</Filter>
    </ClInclude>
    <ClInclude Include="ImGui\imgui_impl_win32.h">
      <Filter>Header Files</Filter>
    </ClInclude>
    <ClInclude Include="Source\Fraples7DevDX3D\ImGuiMgr\ImGuiMgr.h">
      <Filter>Header Files</Filter>
    </ClInclude>
    <ClInclude Include="Source\Fraples7DevDX3D\GraphicAPI\Graphics.h">
      <Filter>Header Files</Filter>
    </ClInclude>
    <ClInclude Include="Source\Fraples7DevDX3D\RendererAPI\Camera.h">
      <Filter>Header Files</Filter>
    </ClInclude>
    <ClInclude Include="Source\Fraples7DevDX3D\Objects\PointLight.h">
      <Filter>Header Files</Filter>
    </ClInclude>
    <ClInclude Include="Source\Fraples7DevDX3D\Objects\BaseObject.h">
      <Filter>Header Files</Filter>
    </ClInclude>
    <ClInclude Include="Source\Fraples7DevDX3D\Core\MetaProgramming\Vertex.h">
      <Filter>Header Files</Filter>
    </ClInclude>
    <ClInclude Include="Source\Fraples7DevDX3D\RendererAPI\Mesh\Model.h">
      <Filter>Header Files</Filter>
    </ClInclude>
    <ClInclude Include="Source\Fraples7DevDX3D\RendererAPI\Mesh\Mesh.h">
      <Filter>Header Files</Filter>
    </ClInclude>
    <ClInclude Include="Source\Fraples7DevDX3D\RendererAPI\GFXContextCodex.h">
      <Filter>Header Files</Filter>
    </ClInclude>
    <ClInclude Include="Source\Fraples7DevDX3D\Objects\Plane.h">
      <Filter>Header Files</Filter>
    </ClInclude>
    <ClInclude Include="Source\Fraples7DevDX3D\Objects\BasePlane.h">
      <Filter>Header Files</Filter>
    </ClInclude>
    <ClInclude Include="Source\Fraples7DevDX3D\Objects\SolidSphere.h">
      <Filter>Header Files</Filter>
    </ClInclude>
    <ClInclude Include="Source\Fraples7DevDX3D\Objects\Sphere.h">
      <Filter>Header Files</Filter>
    </ClInclude>
  </ItemGroup>
  <ItemGroup>
    <ResourceCompile Include="Fraples7DevDX3D.rc">
      <Filter>Resource Files</Filter>
    </ResourceCompile>
  </ItemGroup>
  <ItemGroup>
    <None Include="Source\Fraples7DevDX3D\Core\Debugging\DXGetErrorDescription.inl">
      <Filter>Header Files</Filter>
    </None>
    <None Include="Source\Fraples7DevDX3D\Core\Debugging\DXGetErrorString.inl">
      <Filter>Header Files</Filter>
    </None>
    <None Include="Source\Fraples7DevDX3D\Core\Debugging\DXTrace.inl">
      <Filter>Header Files</Filter>
    </None>
  </ItemGroup>
  <ItemGroup>
    <FxCompile Include="Source\Fraples7DevDX3D\Shaders\ColorBlendVS.hlsl" />
    <FxCompile Include="Source\Fraples7DevDX3D\Shaders\ColorBlendPS.hlsl" />
    <FxCompile Include="Source\Fraples7DevDX3D\Shaders\ColorIndexPS.hlsl" />
    <FxCompile Include="Source\Fraples7DevDX3D\Shaders\ColorIndexVS.hlsl" />
    <FxCompile Include="Source\Fraples7DevDX3D\Shaders\TexturePS.hlsl" />
    <FxCompile Include="Source\Fraples7DevDX3D\Shaders\TextureVS.hlsl" />
    <FxCompile Include="Source\Fraples7DevDX3D\Shaders\SolidVS.hlsl" />
    <FxCompile Include="Source\Fraples7DevDX3D\Shaders\SolidPS.hlsl" />
    <FxCompile Include="Source\Fraples7DevDX3D\Shaders\PhongVS.hlsl" />
    <FxCompile Include="Source\Fraples7DevDX3D\Shaders\PhongPS.hlsl" />
    <FxCompile Include="Source\Fraples7DevDX3D\Shaders\IndexedPhongPS.hlsl" />
    <FxCompile Include="Source\Fraples7DevDX3D\Shaders\BlendedPhongVS.hlsl" />
    <FxCompile Include="Source\Fraples7DevDX3D\Shaders\BlendedPhongPS.hlsl" />
    <FxCompile Include="Source\Fraples7DevDX3D\Shaders\TexturePhongVS.hlsl" />
    <FxCompile Include="Source\Fraples7DevDX3D\Shaders\TexturePhongPS.hlsl" />
    <FxCompile Include="Source\Fraples7DevDX3D\Shaders\PhongPSSpecMap.hlsl" />
  </ItemGroup>
</Project>